
Microsoft Visual Studio Solution File, Format Version 12.00
# Visual Studio Version 16
VisualStudioVersion = 16.0.30114.105
MinimumVisualStudioVersion = 10.0.40219.1
Project("{FAE04EC0-301F-11D3-BF4B-00C04F79EFBC}") = "lib", "lib\lib.csproj", "{C37E2B1A-C6EB-4B72-8556-43C29E66132B}"
EndProject
Project("{FAE04EC0-301F-11D3-BF4B-00C04F79EFBC}") = "tp111", "tp111\tp111.csproj", "{DBABA49D-2133-4545-878C-AB1B52211043}"
EndProject
Global
	GlobalSection(SolutionConfigurationPlatforms) = preSolution
		Debug|Any CPU = Debug|Any CPU
		Release|Any CPU = Release|Any CPU
	EndGlobalSection
	GlobalSection(SolutionProperties) = preSolution
		HideSolutionNode = FALSE
	EndGlobalSection
	GlobalSection(ProjectConfigurationPlatforms) = postSolution
		{C37E2B1A-C6EB-4B72-8556-43C29E66132B}.Debug|Any CPU.ActiveCfg = Debug|Any CPU
		{C37E2B1A-C6EB-4B72-8556-43C29E66132B}.Debug|Any CPU.Build.0 = Debug|Any CPU
		{C37E2B1A-C6EB-4B72-8556-43C29E66132B}.Release|Any CPU.ActiveCfg = Release|Any CPU
		{C37E2B1A-C6EB-4B72-8556-43C29E66132B}.Release|Any CPU.Build.0 = Release|Any CPU
		{DBABA49D-2133-4545-878C-AB1B52211043}.Debug|Any CPU.ActiveCfg = Debug|Any CPU
		{DBABA49D-2133-4545-878C-AB1B52211043}.Debug|Any CPU.Build.0 = Debug|Any CPU
		{DBABA49D-2133-4545-878C-AB1B52211043}.Release|Any CPU.ActiveCfg = Release|Any CPU
		{DBABA49D-2133-4545-878C-AB1B52211043}.Release|Any CPU.Build.0 = Release|Any CPU
	EndGlobalSection
EndGlobal
